
Microsoft Visual Studio Solution File, Format Version 12.00
# Visual Studio Version 17
VisualStudioVersion = 17.9.34622.214
MinimumVisualStudioVersion = 10.0.40219.1
Project("{FAE04EC0-301F-11D3-BF4B-00C04F79EFBC}") = "backend", "backend.csproj", "{EBD32C19-AFA5-427F-8CBF-A7F31C1D620B}"
EndProject
Global
	GlobalSection(SolutionConfigurationPlatforms) = preSolution
		Debug|Any CPU = Debug|Any CPU
		Release|Any CPU = Release|Any CPU
	EndGlobalSection
	GlobalSection(ProjectConfigurationPlatforms) = postSolution
		{EBD32C19-AFA5-427F-8CBF-A7F31C1D620B}.Debug|Any CPU.ActiveCfg = Debug|Any CPU
		{EBD32C19-AFA5-427F-8CBF-A7F31C1D620B}.Debug|Any CPU.Build.0 = Debug|Any CPU
		{EBD32C19-AFA5-427F-8CBF-A7F31C1D620B}.Release|Any CPU.ActiveCfg = Release|Any CPU
		{EBD32C19-AFA5-427F-8CBF-A7F31C1D620B}.Release|Any CPU.Build.0 = Release|Any CPU
	EndGlobalSection
	GlobalSection(SolutionProperties) = preSolution
		HideSolutionNode = FALSE
	EndGlobalSection
	GlobalSection(ExtensibilityGlobals) = postSolution
		SolutionGuid = {41169D8B-B382-4215-A614-6A3A6B933EE5}
	EndGlobalSection
EndGlobal
